
Microsoft Visual Studio Solution File, Format Version 12.00
# Visual Studio 15
VisualStudioVersion = 15.0.27428.2037
MinimumVisualStudioVersion = 10.0.40219.1
Project("{FAE04EC0-301F-11D3-BF4B-00C04F79EFBC}") = "DockerWebAPIExample", "DockerWebAPIExample\DockerWebAPIExample.csproj", "{6327239D-FE7C-4584-BFDA-873347FC937A}"
EndProject
Project("{E53339B2-1760-4266-BCC7-CA923CBCF16C}") = "docker-compose", "docker-compose.dcproj", "{24DEFC28-41E5-4B88-8A8A-7CC7A70122BF}"
EndProject
Global
	GlobalSection(SolutionConfigurationPlatforms) = preSolution
		Debug|Any CPU = Debug|Any CPU
		Release|Any CPU = Release|Any CPU
	EndGlobalSection
	GlobalSection(ProjectConfigurationPlatforms) = postSolution
		{6327239D-FE7C-4584-BFDA-873347FC937A}.Debug|Any CPU.ActiveCfg = Debug|Any CPU
		{6327239D-FE7C-4584-BFDA-873347FC937A}.Debug|Any CPU.Build.0 = Debug|Any CPU
		{6327239D-FE7C-4584-BFDA-873347FC937A}.Release|Any CPU.ActiveCfg = Release|Any CPU
		{6327239D-FE7C-4584-BFDA-873347FC937A}.Release|Any CPU.Build.0 = Release|Any CPU
		{24DEFC28-41E5-4B88-8A8A-7CC7A70122BF}.Debug|Any CPU.ActiveCfg = Debug|Any CPU
		{24DEFC28-41E5-4B88-8A8A-7CC7A70122BF}.Debug|Any CPU.Build.0 = Debug|Any CPU
		{24DEFC28-41E5-4B88-8A8A-7CC7A70122BF}.Release|Any CPU.ActiveCfg = Release|Any CPU
		{24DEFC28-41E5-4B88-8A8A-7CC7A70122BF}.Release|Any CPU.Build.0 = Release|Any CPU
	EndGlobalSection
	GlobalSection(SolutionProperties) = preSolution
		HideSolutionNode = FALSE
	EndGlobalSection
	GlobalSection(ExtensibilityGlobals) = postSolution
		SolutionGuid = {5C1377E6-ACF8-4044-815E-EA11B8E7CBC9}
	EndGlobalSection
EndGlobal
